
Microsoft Visual Studio Solution File, Format Version 12.00
# Visual Studio Version 16
VisualStudioVersion = 16.0.29201.188
MinimumVisualStudioVersion = 10.0.40219.1
Project("{FAE04EC0-301F-11D3-BF4B-00C04F79EFBC}") = "AireLogic.Api", "AireLogic.Api\AireLogic.Api.csproj", "{0EEB0C08-0092-486E-A4EC-B827150EB504}"
EndProject
Project("{FAE04EC0-301F-11D3-BF4B-00C04F79EFBC}") = "AireLogic.Technical.Tests", "AireLogic.Technical.Tests\AireLogic.Technical.Tests.csproj", "{88AC1989-3DA2-4B61-B7D4-C407479141DC}"
EndProject
Global
	GlobalSection(SolutionConfigurationPlatforms) = preSolution
		Debug|Any CPU = Debug|Any CPU
		Release|Any CPU = Release|Any CPU
	EndGlobalSection
	GlobalSection(ProjectConfigurationPlatforms) = postSolution
		{0EEB0C08-0092-486E-A4EC-B827150EB504}.Debug|Any CPU.ActiveCfg = Debug|Any CPU
		{0EEB0C08-0092-486E-A4EC-B827150EB504}.Debug|Any CPU.Build.0 = Debug|Any CPU
		{0EEB0C08-0092-486E-A4EC-B827150EB504}.Release|Any CPU.ActiveCfg = Release|Any CPU
		{0EEB0C08-0092-486E-A4EC-B827150EB504}.Release|Any CPU.Build.0 = Release|Any CPU
		{88AC1989-3DA2-4B61-B7D4-C407479141DC}.Debug|Any CPU.ActiveCfg = Debug|Any CPU
		{88AC1989-3DA2-4B61-B7D4-C407479141DC}.Debug|Any CPU.Build.0 = Debug|Any CPU
		{88AC1989-3DA2-4B61-B7D4-C407479141DC}.Release|Any CPU.ActiveCfg = Release|Any CPU
		{88AC1989-3DA2-4B61-B7D4-C407479141DC}.Release|Any CPU.Build.0 = Release|Any CPU
	EndGlobalSection
	GlobalSection(SolutionProperties) = preSolution
		HideSolutionNode = FALSE
	EndGlobalSection
	GlobalSection(ExtensibilityGlobals) = postSolution
		SolutionGuid = {8AB4CAFC-7022-47A7-AC83-DDB04230AAA5}
	EndGlobalSection
EndGlobal
